
Microsoft Visual Studio Solution File, Format Version 12.00
# Visual Studio Version 16
VisualStudioVersion = 16.0.29709.97
MinimumVisualStudioVersion = 10.0.40219.1
Project("{FAE04EC0-301F-11D3-BF4B-00C04F79EFBC}") = "OdeToFood.Web", "OdeToFood.Web\OdeToFood.Web.csproj", "{7458EEF4-EFF8-44DB-9F2F-0C1F9DF616F0}"
EndProject
Project("{FAE04EC0-301F-11D3-BF4B-00C04F79EFBC}") = "OdeToFood.Data", "OdeToFood.Data\OdeToFood.Data.csproj", "{BE094378-D4BE-4DA4-81C9-434A80BFD8DB}"
EndProject
Global
	GlobalSection(SolutionConfigurationPlatforms) = preSolution
		Debug|Any CPU = Debug|Any CPU
		Release|Any CPU = Release|Any CPU
	EndGlobalSection
	GlobalSection(ProjectConfigurationPlatforms) = postSolution
		{7458EEF4-EFF8-44DB-9F2F-0C1F9DF616F0}.Debug|Any CPU.ActiveCfg = Debug|Any CPU
		{7458EEF4-EFF8-44DB-9F2F-0C1F9DF616F0}.Debug|Any CPU.Build.0 = Debug|Any CPU
		{7458EEF4-EFF8-44DB-9F2F-0C1F9DF616F0}.Release|Any CPU.ActiveCfg = Release|Any CPU
		{7458EEF4-EFF8-44DB-9F2F-0C1F9DF616F0}.Release|Any CPU.Build.0 = Release|Any CPU
		{BE094378-D4BE-4DA4-81C9-434A80BFD8DB}.Debug|Any CPU.ActiveCfg = Debug|Any CPU
		{BE094378-D4BE-4DA4-81C9-434A80BFD8DB}.Debug|Any CPU.Build.0 = Debug|Any CPU
		{BE094378-D4BE-4DA4-81C9-434A80BFD8DB}.Release|Any CPU.ActiveCfg = Release|Any CPU
		{BE094378-D4BE-4DA4-81C9-434A80BFD8DB}.Release|Any CPU.Build.0 = Release|Any CPU
	EndGlobalSection
	GlobalSection(SolutionProperties) = preSolution
		HideSolutionNode = FALSE
	EndGlobalSection
	GlobalSection(ExtensibilityGlobals) = postSolution
		SolutionGuid = {C3469262-654C-4CF9-A3F6-C0C14D141E65}
	EndGlobalSection
EndGlobal
